
Microsoft Visual Studio Solution File, Format Version 12.00
# Visual Studio Version 17
VisualStudioVersion = 17.11.35208.52
MinimumVisualStudioVersion = 10.0.40219.1
Project("{8BC9CEB8-8B4A-11D0-8D11-00A0C91BC942}") = "hw6.1", "hw6.1.vcxproj", "{493EB3A7-15D4-4F83-A2E3-413EE9385B05}"
EndProject
Global
	GlobalSection(SolutionConfigurationPlatforms) = preSolution
		Debug|x64 = Debug|x64
		Debug|x86 = Debug|x86
		Release|x64 = Release|x64
		Release|x86 = Release|x86
	EndGlobalSection
	GlobalSection(ProjectConfigurationPlatforms) = postSolution
		{493EB3A7-15D4-4F83-A2E3-413EE9385B05}.Debug|x64.ActiveCfg = Debug|x64
		{493EB3A7-15D4-4F83-A2E3-413EE9385B05}.Debug|x64.Build.0 = Debug|x64
		{493EB3A7-15D4-4F83-A2E3-413EE9385B05}.Debug|x86.ActiveCfg = Debug|Win32
		{493EB3A7-15D4-4F83-A2E3-413EE9385B05}.Debug|x86.Build.0 = Debug|Win32
		{493EB3A7-15D4-4F83-A2E3-413EE9385B05}.Release|x64.ActiveCfg = Release|x64
		{493EB3A7-15D4-4F83-A2E3-413EE9385B05}.Release|x64.Build.0 = Release|x64
		{493EB3A7-15D4-4F83-A2E3-413EE9385B05}.Release|x86.ActiveCfg = Release|Win32
		{493EB3A7-15D4-4F83-A2E3-413EE9385B05}.Release|x86.Build.0 = Release|Win32
	EndGlobalSection
	GlobalSection(SolutionProperties) = preSolution
		HideSolutionNode = FALSE
	EndGlobalSection
	GlobalSection(ExtensibilityGlobals) = postSolution
		SolutionGuid = {43B7113A-A879-4E24-A911-76ED6D7783F0}
	EndGlobalSection
EndGlobal
